
Microsoft Visual Studio Solution File, Format Version 12.00
# Visual Studio 15
VisualStudioVersion = 15.0.28307.421
MinimumVisualStudioVersion = 10.0.40219.1
Project("{8BC9CEB8-8B4A-11D0-8D11-00A0C91BC942}") = "TyperTracker", "TyperTracker\TyperTracker.vcxproj", "{9A3DC740-F88E-4382-9514-2E9B684D80C9}"
EndProject
Global
	GlobalSection(SolutionConfigurationPlatforms) = preSolution
		Debug|x64 = Debug|x64
		Debug|x86 = Debug|x86
		Release|x64 = Release|x64
		Release|x86 = Release|x86
	EndGlobalSection
	GlobalSection(ProjectConfigurationPlatforms) = postSolution
		{9A3DC740-F88E-4382-9514-2E9B684D80C9}.Debug|x64.ActiveCfg = Debug|x64
		{9A3DC740-F88E-4382-9514-2E9B684D80C9}.Debug|x64.Build.0 = Debug|x64
		{9A3DC740-F88E-4382-9514-2E9B684D80C9}.Debug|x86.ActiveCfg = Debug|Win32
		{9A3DC740-F88E-4382-9514-2E9B684D80C9}.Debug|x86.Build.0 = Debug|Win32
		{9A3DC740-F88E-4382-9514-2E9B684D80C9}.Release|x64.ActiveCfg = Release|x64
		{9A3DC740-F88E-4382-9514-2E9B684D80C9}.Release|x64.Build.0 = Release|x64
		{9A3DC740-F88E-4382-9514-2E9B684D80C9}.Release|x86.ActiveCfg = Release|Win32
		{9A3DC740-F88E-4382-9514-2E9B684D80C9}.Release|x86.Build.0 = Release|Win32
	EndGlobalSection
	GlobalSection(SolutionProperties) = preSolution
		HideSolutionNode = FALSE
	EndGlobalSection
	GlobalSection(ExtensibilityGlobals) = postSolution
		SolutionGuid = {4B079306-23BA-486E-859C-B8777BFC874C}
	EndGlobalSection
EndGlobal
